
Microsoft Visual Studio Solution File, Format Version 11.00
# Visual Studio 2010
Project("{FAE04EC0-301F-11D3-BF4B-00C04F79EFBC}") = "DawgSharp", "DawgSharp\DawgSharp.csproj", "{4285FED3-5A96-493E-8B52-F7D93758D62F}"
EndProject
Project("{FAE04EC0-301F-11D3-BF4B-00C04F79EFBC}") = "DawgSharp.UnitTests", "DawgSharp.UnitTests\DawgSharp.UnitTests.csproj", "{68692CCC-230D-4092-A530-6C47B6ED1A2D}"
EndProject
Project("{2150E333-8FDC-42A3-9474-1A3956D46DE8}") = "Solution Items", "Solution Items", "{F57DF86F-AA19-4B33-9299-0B7F0AF905B4}"
	ProjectSection(SolutionItems) = preProject
		DawgSharp.vsmdi = DawgSharp.vsmdi
		Local.testsettings = Local.testsettings
		TraceAndTestImpact.testsettings = TraceAndTestImpact.testsettings
	EndProjectSection
EndProject
Project("{FAE04EC0-301F-11D3-BF4B-00C04F79EFBC}") = "DawgSharp.Verion_1_2.Benchmark", "DawgSharp.Verion_1_2.Benchmark\DawgSharp.Verion_1_2.Benchmark.csproj", "{5F92043E-7B64-4AC6-98FA-FC8A9982C0E9}"
EndProject
Global
	GlobalSection(TestCaseManagementSettings) = postSolution
		CategoryFile = DawgSharp.vsmdi
	EndGlobalSection
	GlobalSection(SolutionConfigurationPlatforms) = preSolution
		Debug|Mixed Platforms = Debug|Mixed Platforms
		Release|Mixed Platforms = Release|Mixed Platforms
	EndGlobalSection
	GlobalSection(ProjectConfigurationPlatforms) = postSolution
		{4285FED3-5A96-493E-8B52-F7D93758D62F}.Debug|Mixed Platforms.ActiveCfg = Debug|Any CPU
		{4285FED3-5A96-493E-8B52-F7D93758D62F}.Debug|Mixed Platforms.Build.0 = Debug|Any CPU
		{4285FED3-5A96-493E-8B52-F7D93758D62F}.Release|Mixed Platforms.ActiveCfg = Release|Any CPU
		{4285FED3-5A96-493E-8B52-F7D93758D62F}.Release|Mixed Platforms.Build.0 = Release|Any CPU
		{68692CCC-230D-4092-A530-6C47B6ED1A2D}.Debug|Mixed Platforms.ActiveCfg = Debug|Any CPU
		{68692CCC-230D-4092-A530-6C47B6ED1A2D}.Debug|Mixed Platforms.Build.0 = Debug|Any CPU
		{68692CCC-230D-4092-A530-6C47B6ED1A2D}.Release|Mixed Platforms.ActiveCfg = Release|Any CPU
		{68692CCC-230D-4092-A530-6C47B6ED1A2D}.Release|Mixed Platforms.Build.0 = Release|Any CPU
		{5F92043E-7B64-4AC6-98FA-FC8A9982C0E9}.Debug|Mixed Platforms.ActiveCfg = Debug|x86
		{5F92043E-7B64-4AC6-98FA-FC8A9982C0E9}.Debug|Mixed Platforms.Build.0 = Debug|x86
		{5F92043E-7B64-4AC6-98FA-FC8A9982C0E9}.Release|Mixed Platforms.ActiveCfg = Release|x86
		{5F92043E-7B64-4AC6-98FA-FC8A9982C0E9}.Release|Mixed Platforms.Build.0 = Release|x86
	EndGlobalSection
	GlobalSection(SolutionProperties) = preSolution
		HideSolutionNode = FALSE
	EndGlobalSection
EndGlobal
